
Microsoft Visual Studio Solution File, Format Version 12.00
# Visual Studio Version 17
VisualStudioVersion = 17.9.34616.47
MinimumVisualStudioVersion = 10.0.40219.1
Project("{FAE04EC0-301F-11D3-BF4B-00C04F79EFBC}") = "program", "program\program.csproj", "{06E22779-57DF-470D-968B-C2CE534F46D0}"
EndProject
Global
	GlobalSection(SolutionConfigurationPlatforms) = preSolution
		Debug|Any CPU = Debug|Any CPU
		Release|Any CPU = Release|Any CPU
	EndGlobalSection
	GlobalSection(ProjectConfigurationPlatforms) = postSolution
		{06E22779-57DF-470D-968B-C2CE534F46D0}.Debug|Any CPU.ActiveCfg = Debug|Any CPU
		{06E22779-57DF-470D-968B-C2CE534F46D0}.Debug|Any CPU.Build.0 = Debug|Any CPU
		{06E22779-57DF-470D-968B-C2CE534F46D0}.Release|Any CPU.ActiveCfg = Release|Any CPU
		{06E22779-57DF-470D-968B-C2CE534F46D0}.Release|Any CPU.Build.0 = Release|Any CPU
	EndGlobalSection
	GlobalSection(SolutionProperties) = preSolution
		HideSolutionNode = FALSE
	EndGlobalSection
	GlobalSection(ExtensibilityGlobals) = postSolution
		SolutionGuid = {716318FB-CEC3-4179-A1D7-32211128A587}
	EndGlobalSection
EndGlobal
